
Microsoft Visual Studio Solution File, Format Version 12.00
# Visual Studio Version 17
VisualStudioVersion = 17.8.34316.72
MinimumVisualStudioVersion = 10.0.40219.1
Project("{FAE04EC0-301F-11D3-BF4B-00C04F79EFBC}") = "LSMS", "LSMS.csproj", "{DEF81826-5917-4DA4-9A9E-3DC1BBD32A0F}"
EndProject
Global
	GlobalSection(SolutionConfigurationPlatforms) = preSolution
		Debug|Any CPU = Debug|Any CPU
		Release|Any CPU = Release|Any CPU
	EndGlobalSection
	GlobalSection(ProjectConfigurationPlatforms) = postSolution
		{DEF81826-5917-4DA4-9A9E-3DC1BBD32A0F}.Debug|Any CPU.ActiveCfg = Debug|Any CPU
		{DEF81826-5917-4DA4-9A9E-3DC1BBD32A0F}.Debug|Any CPU.Build.0 = Debug|Any CPU
		{DEF81826-5917-4DA4-9A9E-3DC1BBD32A0F}.Release|Any CPU.ActiveCfg = Release|Any CPU
		{DEF81826-5917-4DA4-9A9E-3DC1BBD32A0F}.Release|Any CPU.Build.0 = Release|Any CPU
	EndGlobalSection
	GlobalSection(SolutionProperties) = preSolution
		HideSolutionNode = FALSE
	EndGlobalSection
	GlobalSection(ExtensibilityGlobals) = postSolution
		SolutionGuid = {82D76DCF-1537-45D2-9ECE-A0A972DC6554}
	EndGlobalSection
EndGlobal
